{
  "object": {
    "pins": [
      {
        "package": "Mew",
        "repositoryURL": "https://github.com/t-osawa-009/Mew.git",
        "state": {
          "branch": null,
          "revision": "01c2190f657a4daaef92c3835309687bcb63329d",
          "version": null
        }
      }
    ]
  },
  "version": 1
}
