{
  "object": {
    "pins": [
      {
        "package": "Mew",
        "repositoryURL": "https://github.com/t-osawa-009/Mew.git",
        "state": {
          "branch": null,
          "revision": "e3785e3970195763736fc141ebfc654e00426703",
          "version": null
        }
      }
    ]
  },
  "version": 1
}
